
Microsoft Visual Studio Solution File, Format Version 12.00
# Visual Studio Version 17
VisualStudioVersion = 17.3.32804.467
MinimumVisualStudioVersion = 10.0.40219.1
Project("{FAE04EC0-301F-11D3-BF4B-00C04F79EFBC}") = "Roulett", "Roulett\Roulett.csproj", "{A570624D-E3B7-4B3B-86D8-0B7EA58E5DD1}"
EndProject
Global
	GlobalSection(SolutionConfigurationPlatforms) = preSolution
		Debug|Any CPU = Debug|Any CPU
		Release|Any CPU = Release|Any CPU
	EndGlobalSection
	GlobalSection(ProjectConfigurationPlatforms) = postSolution
		{A570624D-E3B7-4B3B-86D8-0B7EA58E5DD1}.Debug|Any CPU.ActiveCfg = Debug|Any CPU
		{A570624D-E3B7-4B3B-86D8-0B7EA58E5DD1}.Debug|Any CPU.Build.0 = Debug|Any CPU
		{A570624D-E3B7-4B3B-86D8-0B7EA58E5DD1}.Release|Any CPU.ActiveCfg = Release|Any CPU
		{A570624D-E3B7-4B3B-86D8-0B7EA58E5DD1}.Release|Any CPU.Build.0 = Release|Any CPU
	EndGlobalSection
	GlobalSection(SolutionProperties) = preSolution
		HideSolutionNode = FALSE
	EndGlobalSection
	GlobalSection(ExtensibilityGlobals) = postSolution
		SolutionGuid = {BB79DE41-0805-41AF-ADEF-641239DD4DE7}
	EndGlobalSection
EndGlobal
